
Microsoft Visual Studio Solution File, Format Version 12.00
# Visual Studio 2013
VisualStudioVersion = 12.0.31101.0
MinimumVisualStudioVersion = 10.0.40219.1
Project("{FAE04EC0-301F-11D3-BF4B-00C04F79EFBC}") = "SampleApp", "SampleApp\SampleApp.csproj", "{913FA2CB-182C-4C35-8447-FA49571F577E}"
EndProject
Project("{FAE04EC0-301F-11D3-BF4B-00C04F79EFBC}") = "Test", "Test\Test.csproj", "{59BEF4F0-4769-4A1B-9DF1-EF0D026274BA}"
EndProject
Project("{FAE04EC0-301F-11D3-BF4B-00C04F79EFBC}") = "EasyConfig", "EasyConfig\EasyConfig.csproj", "{BB271F40-8502-4952-B99D-D7624DC748ED}"
EndProject
Project("{FAE04EC0-301F-11D3-BF4B-00C04F79EFBC}") = "EasyConfig.RaptorDbStorage", "EasyConfig.RaptorDbStorage\EasyConfig.RaptorDbStorage.csproj", "{026D361A-A681-4A9B-A45D-6CBA65A4C1D8}"
EndProject
Project("{2150E333-8FDC-42A3-9474-1A3956D46DE8}") = ".nuget", ".nuget", "{F665E1A9-67A8-4A83-8B44-CF9742E651F4}"
	ProjectSection(SolutionItems) = preProject
		.nuget\NuGet.Config = .nuget\NuGet.Config
		.nuget\NuGet.exe = .nuget\NuGet.exe
		.nuget\NuGet.targets = .nuget\NuGet.targets
	EndProjectSection
EndProject
Global
	GlobalSection(SolutionConfigurationPlatforms) = preSolution
		Debug|Any CPU = Debug|Any CPU
		Release|Any CPU = Release|Any CPU
	EndGlobalSection
	GlobalSection(ProjectConfigurationPlatforms) = postSolution
		{913FA2CB-182C-4C35-8447-FA49571F577E}.Debug|Any CPU.ActiveCfg = Debug|Any CPU
		{913FA2CB-182C-4C35-8447-FA49571F577E}.Debug|Any CPU.Build.0 = Debug|Any CPU
		{913FA2CB-182C-4C35-8447-FA49571F577E}.Release|Any CPU.ActiveCfg = Release|Any CPU
		{913FA2CB-182C-4C35-8447-FA49571F577E}.Release|Any CPU.Build.0 = Release|Any CPU
		{59BEF4F0-4769-4A1B-9DF1-EF0D026274BA}.Debug|Any CPU.ActiveCfg = Debug|Any CPU
		{59BEF4F0-4769-4A1B-9DF1-EF0D026274BA}.Debug|Any CPU.Build.0 = Debug|Any CPU
		{59BEF4F0-4769-4A1B-9DF1-EF0D026274BA}.Release|Any CPU.ActiveCfg = Release|Any CPU
		{59BEF4F0-4769-4A1B-9DF1-EF0D026274BA}.Release|Any CPU.Build.0 = Release|Any CPU
		{BB271F40-8502-4952-B99D-D7624DC748ED}.Debug|Any CPU.ActiveCfg = Debug|Any CPU
		{BB271F40-8502-4952-B99D-D7624DC748ED}.Debug|Any CPU.Build.0 = Debug|Any CPU
		{BB271F40-8502-4952-B99D-D7624DC748ED}.Release|Any CPU.ActiveCfg = Release|Any CPU
		{BB271F40-8502-4952-B99D-D7624DC748ED}.Release|Any CPU.Build.0 = Release|Any CPU
		{026D361A-A681-4A9B-A45D-6CBA65A4C1D8}.Debug|Any CPU.ActiveCfg = Debug|Any CPU
		{026D361A-A681-4A9B-A45D-6CBA65A4C1D8}.Debug|Any CPU.Build.0 = Debug|Any CPU
		{026D361A-A681-4A9B-A45D-6CBA65A4C1D8}.Release|Any CPU.ActiveCfg = Release|Any CPU
		{026D361A-A681-4A9B-A45D-6CBA65A4C1D8}.Release|Any CPU.Build.0 = Release|Any CPU
	EndGlobalSection
	GlobalSection(SolutionProperties) = preSolution
		HideSolutionNode = FALSE
	EndGlobalSection
EndGlobal
